
Microsoft Visual Studio Solution File, Format Version 12.00
# Visual Studio Version 17
VisualStudioVersion = 17.7.34031.279
MinimumVisualStudioVersion = 10.0.40219.1
Project("{FAE04EC0-301F-11D3-BF4B-00C04F79EFBC}") = "213043_Example01_lab9", "213043_Example01_lab9\213043_Example01_lab9.csproj", "{22A85B81-D93C-4FDE-AE7A-416A56B546B9}"
EndProject
Global
	GlobalSection(SolutionConfigurationPlatforms) = preSolution
		Debug|Any CPU = Debug|Any CPU
		Release|Any CPU = Release|Any CPU
	EndGlobalSection
	GlobalSection(ProjectConfigurationPlatforms) = postSolution
		{22A85B81-D93C-4FDE-AE7A-416A56B546B9}.Debug|Any CPU.ActiveCfg = Debug|Any CPU
		{22A85B81-D93C-4FDE-AE7A-416A56B546B9}.Debug|Any CPU.Build.0 = Debug|Any CPU
		{22A85B81-D93C-4FDE-AE7A-416A56B546B9}.Release|Any CPU.ActiveCfg = Release|Any CPU
		{22A85B81-D93C-4FDE-AE7A-416A56B546B9}.Release|Any CPU.Build.0 = Release|Any CPU
	EndGlobalSection
	GlobalSection(SolutionProperties) = preSolution
		HideSolutionNode = FALSE
	EndGlobalSection
	GlobalSection(ExtensibilityGlobals) = postSolution
		SolutionGuid = {BD7832B3-32E6-45A5-9FF4-56E751275978}
	EndGlobalSection
EndGlobal
