
Microsoft Visual Studio Solution File, Format Version 12.00
# Visual Studio Version 17
VisualStudioVersion = 17.7.34031.279
MinimumVisualStudioVersion = 10.0.40219.1
Project("{FAE04EC0-301F-11D3-BF4B-00C04F79EFBC}") = "213043_Example07_Lab09", "213043_Example07_Lab09\213043_Example07_Lab09.csproj", "{FA262776-8A68-42B8-B5FC-130C04F36524}"
EndProject
Global
	GlobalSection(SolutionConfigurationPlatforms) = preSolution
		Debug|Any CPU = Debug|Any CPU
		Release|Any CPU = Release|Any CPU
	EndGlobalSection
	GlobalSection(ProjectConfigurationPlatforms) = postSolution
		{FA262776-8A68-42B8-B5FC-130C04F36524}.Debug|Any CPU.ActiveCfg = Debug|Any CPU
		{FA262776-8A68-42B8-B5FC-130C04F36524}.Debug|Any CPU.Build.0 = Debug|Any CPU
		{FA262776-8A68-42B8-B5FC-130C04F36524}.Release|Any CPU.ActiveCfg = Release|Any CPU
		{FA262776-8A68-42B8-B5FC-130C04F36524}.Release|Any CPU.Build.0 = Release|Any CPU
	EndGlobalSection
	GlobalSection(SolutionProperties) = preSolution
		HideSolutionNode = FALSE
	EndGlobalSection
	GlobalSection(ExtensibilityGlobals) = postSolution
		SolutionGuid = {0E8DC38E-1BB6-41A2-A8F9-75C78ED33D92}
	EndGlobalSection
EndGlobal
